
Microsoft Visual Studio Solution File, Format Version 12.00
# Visual Studio 14
VisualStudioVersion = 14.0.25420.1
MinimumVisualStudioVersion = 10.0.40219.1
Project("{159641D6-6404-4A2A-AE62-294DE0FE8301}") = "Kronos_PCP", "Kronos_PCP\Kronos_PCP.dtproj", "{EA4D9235-2B88-4299-A4CA-B0815B20EB81}"
EndProject
Global
	GlobalSection(SolutionConfigurationPlatforms) = preSolution
		Development|Default = Development|Default
	EndGlobalSection
	GlobalSection(ProjectConfigurationPlatforms) = postSolution
		{EA4D9235-2B88-4299-A4CA-B0815B20EB81}.Development|Default.ActiveCfg = Development
		{EA4D9235-2B88-4299-A4CA-B0815B20EB81}.Development|Default.Build.0 = Development
	EndGlobalSection
	GlobalSection(SolutionProperties) = preSolution
		HideSolutionNode = FALSE
	EndGlobalSection
EndGlobal
